
Microsoft Visual Studio Solution File, Format Version 12.00
# Visual Studio Version 16
VisualStudioVersion = 16.0.31624.102
MinimumVisualStudioVersion = 10.0.40219.1
Project("{FAE04EC0-301F-11D3-BF4B-00C04F79EFBC}") = "CustomizeProductsProject", "CustomizeProductsProject.csproj", "{70B3DB9D-5E19-4737-A58B-43CA236AE475}"
EndProject
Global
	GlobalSection(SolutionConfigurationPlatforms) = preSolution
		Debug|Any CPU = Debug|Any CPU
		Release|Any CPU = Release|Any CPU
	EndGlobalSection
	GlobalSection(ProjectConfigurationPlatforms) = postSolution
		{70B3DB9D-5E19-4737-A58B-43CA236AE475}.Debug|Any CPU.ActiveCfg = Debug|Any CPU
		{70B3DB9D-5E19-4737-A58B-43CA236AE475}.Debug|Any CPU.Build.0 = Debug|Any CPU
		{70B3DB9D-5E19-4737-A58B-43CA236AE475}.Release|Any CPU.ActiveCfg = Release|Any CPU
		{70B3DB9D-5E19-4737-A58B-43CA236AE475}.Release|Any CPU.Build.0 = Release|Any CPU
	EndGlobalSection
	GlobalSection(SolutionProperties) = preSolution
		HideSolutionNode = FALSE
	EndGlobalSection
	GlobalSection(ExtensibilityGlobals) = postSolution
		SolutionGuid = {B11247A1-A892-4396-9A86-F255767F90E9}
	EndGlobalSection
EndGlobal
